
Microsoft Visual Studio Solution File, Format Version 12.00
# Visual Studio Version 17
VisualStudioVersion = 17.6.33815.320
MinimumVisualStudioVersion = 10.0.40219.1
Project("{FAE04EC0-301F-11D3-BF4B-00C04F79EFBC}") = "PorQue", "PorQue\PorQue.csproj", "{C0CEB35F-5A0A-420D-8E3F-C190738946AB}"
EndProject
Global
	GlobalSection(SolutionConfigurationPlatforms) = preSolution
		Debug|Any CPU = Debug|Any CPU
		Release|Any CPU = Release|Any CPU
	EndGlobalSection
	GlobalSection(ProjectConfigurationPlatforms) = postSolution
		{C0CEB35F-5A0A-420D-8E3F-C190738946AB}.Debug|Any CPU.ActiveCfg = Debug|Any CPU
		{C0CEB35F-5A0A-420D-8E3F-C190738946AB}.Debug|Any CPU.Build.0 = Debug|Any CPU
		{C0CEB35F-5A0A-420D-8E3F-C190738946AB}.Release|Any CPU.ActiveCfg = Release|Any CPU
		{C0CEB35F-5A0A-420D-8E3F-C190738946AB}.Release|Any CPU.Build.0 = Release|Any CPU
	EndGlobalSection
	GlobalSection(SolutionProperties) = preSolution
		HideSolutionNode = FALSE
	EndGlobalSection
	GlobalSection(ExtensibilityGlobals) = postSolution
		SolutionGuid = {DE5C980A-C522-4BEF-AA3A-73942AC3B5E1}
	EndGlobalSection
EndGlobal
